// !$*UTF8*$!
{
	archiveVersion = 1;
	classes = {
	};
	objectVersion = 46;
	objects = {

/* Begin PBXBuildFile section */
		D03CF6601DEF54C6002D16A9 /* AppDelegate.swift in Sources */ = {isa = PBXBuildFile; fileRef = D03CF65F1DEF54C6002D16A9 /* AppDelegate.swift */; };
		D03CF6621DEF54C6002D16A9 /* ViewController.swift in Sources */ = {isa = PBXBuildFile; fileRef = D03CF6611DEF54C6002D16A9 /* ViewController.swift */; };
		D03CF6651DEF54C6002D16A9 /* Main.storyboard in Resources */ = {isa = PBXBuildFile; fileRef = D03CF6631DEF54C6002D16A9 /* Main.storyboard */; };
		D03CF6671DEF54C6002D16A9 /* Assets.xcassets in Resources */ = {isa = PBXBuildFile; fileRef = D03CF6661DEF54C6002D16A9 /* Assets.xcassets */; };
		D03CF66A1DEF54C6002D16A9 /* LaunchScreen.storyboard in Resources */ = {isa = PBXBuildFile; fileRef = D03CF6681DEF54C6002D16A9 /* LaunchScreen.storyboard */; };
		D03CF6731DEF5514002D16A9 /* Snackbar.swift in Sources */ = {isa = PBXBuildFile; fileRef = D03CF6721DEF5514002D16A9 /* Snackbar.swift */; };
/* End PBXBuildFile section */

/* Begin PBXFileReference section */
		D03CF65C1DEF54C6002D16A9 /* snackbar.app */ = {isa = PBXFileReference; explicitFileType = wrapper.application; includeInIndex = 0; path = snackbar.app; sourceTree = BUILT_PRODUCTS_DIR; };
		D03CF65F1DEF54C6002D16A9 /* AppDelegate.swift */ = {isa = PBXFileReference; lastKnownFileType = sourcecode.swift; path = AppDelegate.swift; sourceTree = "<group>"; };
		D03CF6611DEF54C6002D16A9 /* ViewController.swift */ = {isa = PBXFileReference; lastKnownFileType = sourcecode.swift; path = ViewController.swift; sourceTree = "<group>"; };
		D03CF6641DEF54C6002D16A9 /* Base */ = {isa = PBXFileReference; lastKnownFileType = file.storyboard; name = Base; path = Base.lproj/Main.storyboard; sourceTree = "<group>"; };
		D03CF6661DEF54C6002D16A9 /* Assets.xcassets */ = {isa = PBXFileReference; lastKnownFileType = folder.assetcatalog; path = Assets.xcassets; sourceTree = "<group>"; };
		D03CF6691DEF54C6002D16A9 /* Base */ = {isa = PBXFileReference; lastKnownFileType = file.storyboard; name = Base; path = Base.lproj/LaunchScreen.storyboard; sourceTree = "<group>"; };
		D03CF66B1DEF54C6002D16A9 /* Info.plist */ = {isa = PBXFileReference; lastKnownFileType = text.plist.xml; path = Info.plist; sourceTree = "<group>"; };
		D03CF6721DEF5514002D16A9 /* Snackbar.swift */ = {isa = PBXFileReference; fileEncoding = 4; lastKnownFileType = sourcecode.swift; path = Snackbar.swift; sourceTree = "<group>"; };
/* End PBXFileReference section */

/* Begin PBXFrameworksBuildPhase section */
		D03CF6591DEF54C6002D16A9 /* Frameworks */ = {
			isa = PBXFrameworksBuildPhase;
			buildActionMask = 2147483647;
			files = (
			);
			runOnlyForDeploymentPostprocessing = 0;
		};
/* End PBXFrameworksBuildPhase section */

/* Begin PBXGroup section */
		D03CF6531DEF54C5002D16A9 = {
			isa = PBXGroup;
			children = (
				D03CF65E1DEF54C6002D16A9 /* snackbar */,
				D03CF65D1DEF54C6002D16A9 /* Products */,
			);
			sourceTree = "<group>";
		};
		D03CF65D1DEF54C6002D16A9 /* Products */ = {
			isa = PBXGroup;
			children = (
				D03CF65C1DEF54C6002D16A9 /* snackbar.app */,
			);
			name = Products;
			sourceTree = "<group>";
		};
		D03CF65E1DEF54C6002D16A9 /* snackbar */ = {
			isa = PBXGroup;
			children = (
				D03CF6711DEF54EE002D16A9 /* SnackBar */,
				D03CF65F1DEF54C6002D16A9 /* AppDelegate.swift */,
				D03CF6611DEF54C6002D16A9 /* ViewController.swift */,
				D03CF6631DEF54C6002D16A9 /* Main.storyboard */,
				D03CF6661DEF54C6002D16A9 /* Assets.xcassets */,
				D03CF6681DEF54C6002D16A9 /* LaunchScreen.storyboard */,
				D03CF66B1DEF54C6002D16A9 /* Info.plist */,
			);
			path = snackbar;
			sourceTree = "<group>";
		};
		D03CF6711DEF54EE002D16A9 /* SnackBar */ = {
			isa = PBXGroup;
			children = (
				D03CF6721DEF5514002D16A9 /* Snackbar.swift */,
			);
			path = SnackBar;
			sourceTree = "<group>";
		};
/* End PBXGroup section */

/* Begin PBXNativeTarget section */
		D03CF65B1DEF54C6002D16A9 /* snackbar */ = {
			isa = PBXNativeTarget;
			buildConfigurationList = D03CF66E1DEF54C6002D16A9 /* Build configuration list for PBXNativeTarget "snackbar" */;
			buildPhases = (
				D03CF6581DEF54C6002D16A9 /* Sources */,
				D03CF6591DEF54C6002D16A9 /* Frameworks */,
				D03CF65A1DEF54C6002D16A9 /* Resources */,
			);
			buildRules = (
			);
			dependencies = (
			);
			name = snackbar;
			productName = snackbar;
			productReference = D03CF65C1DEF54C6002D16A9 /* snackbar.app */;
			productType = "com.apple.product-type.application";
		};
/* End PBXNativeTarget section */

/* Begin PBXProject section */
		D03CF6541DEF54C5002D16A9 /* Project object */ = {
			isa = PBXProject;
			attributes = {
				LastSwiftUpdateCheck = 0810;
				LastUpgradeCheck = 0810;
				ORGANIZATIONNAME = "Fish in Sky";
				TargetAttributes = {
					D03CF65B1DEF54C6002D16A9 = {
						CreatedOnToolsVersion = 8.1;
						DevelopmentTeam = ELDYT74352;
						ProvisioningStyle = Automatic;
					};
				};
			};
			buildConfigurationList = D03CF6571DEF54C5002D16A9 /* Build configuration list for PBXProject "snackbar" */;
			compatibilityVersion = "Xcode 3.2";
			developmentRegion = English;
			hasScannedForEncodings = 0;
			knownRegions = (
				en,
				Base,
			);
			mainGroup = D03CF6531DEF54C5002D16A9;
			productRefGroup = D03CF65D1DEF54C6002D16A9 /* Products */;
			projectDirPath = "";
			projectRoot = "";
			targets = (
				D03CF65B1DEF54C6002D16A9 /* snackbar */,
			);
		};
/* End PBXProject section */

/* Begin PBXResourcesBuildPhase section */
		D03CF65A1DEF54C6002D16A9 /* Resources */ = {
			isa = PBXResourcesBuildPhase;
			buildActionMask = 2147483647;
			files = (
				D03CF66A1DEF54C6002D16A9 /* LaunchScreen.storyboard in Resources */,
				D03CF6671DEF54C6002D16A9 /* Assets.xcassets in Resources */,
				D03CF6651DEF54C6002D16A9 /* Main.storyboard in Resources */,
			);
			runOnlyForDeploymentPostprocessing = 0;
		};
/* End PBXResourcesBuildPhase section */

/* Begin PBXSourcesBuildPhase section */
		D03CF6581DEF54C6002D16A9 /* Sources */ = {
			isa = PBXSourcesBuildPhase;
			buildActionMask = 2147483647;
			files = (
				D03CF6731DEF5514002D16A9 /* Snackbar.swift in Sources */,
				D03CF6621DEF54C6002D16A9 /* ViewController.swift in Sources */,
				D03CF6601DEF54C6002D16A9 /* AppDelegate.swift in Sources */,
			);
			runOnlyForDeploymentPostprocessing = 0;
		};
/* End PBXSourcesBuildPhase section */

/* Begin PBXVariantGroup section */
		D03CF6631DEF54C6002D16A9 /* Main.storyboard */ = {
			isa = PBXVariantGroup;
			children = (
				D03CF6641DEF54C6002D16A9 /* Base */,
			);
			name = Main.storyboard;
			sourceTree = "<group>";
		};
		D03CF6681DEF54C6002D16A9 /* LaunchScreen.storyboard */ = {
			isa = PBXVariantGroup;
			children = (
				D03CF6691DEF54C6002D16A9 /* Base */,
			);
			name = LaunchScreen.storyboard;
			sourceTree = "<group>";
		};
/* End PBXVariantGroup section */

/* Begin XCBuildConfiguration section */
		D03CF66C1DEF54C6002D16A9 /* Debug */ = {
			isa = XCBuildConfiguration;
			buildSettings = {
				ALWAYS_SEARCH_USER_PATHS = NO;
				CLANG_ANALYZER_NONNULL = YES;
				CLANG_CXX_LANGUAGE_STANDARD = "gnu++0x";
				CLANG_CXX_LIBRARY = "libc++";
				CLANG_ENABLE_MODULES = YES;
				CLANG_ENABLE_OBJC_ARC = YES;
				CLANG_WARN_BOOL_CONVERSION = YES;
				CLANG_WARN_CONSTANT_CONVERSION = YES;
				CLANG_WARN_DIRECT_OBJC_ISA_USAGE = YES_ERROR;
				CLANG_WARN_DOCUMENTATION_COMMENTS = YES;
				CLANG_WARN_EMPTY_BODY = YES;
				CLANG_WARN_ENUM_CONVERSION = YES;
				CLANG_WARN_INFINITE_RECURSION = YES;
				CLANG_WARN_INT_CONVERSION = YES;
				CLANG_WARN_OBJC_ROOT_CLASS = YES_ERROR;
				CLANG_WARN_SUSPICIOUS_MOVES = YES;
				CLANG_WARN_UNREACHABLE_CODE = YES;
				CLANG_WARN__DUPLICATE_METHOD_MATCH = YES;
				"CODE_SIGN_IDENTITY[sdk=iphoneos*]" = "iPhone Developer";
				COPY_PHASE_STRIP = NO;
				DEBUG_INFORMATION_FORMAT = dwarf;
				ENABLE_STRICT_OBJC_MSGSEND = YES;
				ENABLE_TESTABILITY = YES;
				GCC_C_LANGUAGE_STANDARD = gnu99;
				GCC_DYNAMIC_NO_PIC = NO;
				GCC_NO_COMMON_BLOCKS = YES;
				GCC_OPTIMIZATION_LEVEL = 0;
				GCC_PREPROCESSOR_DEFINITIONS = (
					"DEBUG=1",
					"$(inherited)",
				);
				GCC_WARN_64_TO_32_BIT_CONVERSION = YES;
				GCC_WARN_ABOUT_RETURN_TYPE = YES_ERROR;
				GCC_WARN_UNDECLARED_SELECTOR = YES;
				GCC_WARN_UNINITIALIZED_AUTOS = YES_AGGRESSIVE;
				GCC_WARN_UNUSED_FUNCTION = YES;
				GCC_WARN_UNUSED_VARIABLE = YES;
				IPHONEOS_DEPLOYMENT_TARGET = 10.1;
				MTL_ENABLE_DEBUG_INFO = YES;
				ONLY_ACTIVE_ARCH = YES;
				SDKROOT = iphoneos;
				SWIFT_ACTIVE_COMPILATION_CONDITIONS = DEBUG;
				SWIFT_OPTIMIZATION_LEVEL = "-Onone";
				TARGETED_DEVICE_FAMILY = "1,2";
			};
			name = Debug;
		};
		D03CF66D1DEF54C6002D16A9 /* Release */ = {
			isa = XCBuildConfiguration;
			buildSettings = {
				ALWAYS_SEARCH_USER_PATHS = NO;
				CLANG_ANALYZER_NONNULL = YES;
				CLANG_CXX_LANGUAGE_STANDARD = "gnu++0x";
				CLANG_CXX_LIBRARY = "libc++";
				CLANG_ENABLE_MODULES = YES;
				CLANG_ENABLE_OBJC_ARC = YES;
				CLANG_WARN_BOOL_CONVERSION = YES;
				CLANG_WARN_CONSTANT_CONVERSION = YES;
				CLANG_WARN_DIRECT_OBJC_ISA_USAGE = YES_ERROR;
				CLANG_WARN_DOCUMENTATION_COMMENTS = YES;
				CLANG_WARN_EMPTY_BODY = YES;
				CLANG_WARN_ENUM_CONVERSION = YES;
				CLANG_WARN_INFINITE_RECURSION = YES;
				CLANG_WARN_INT_CONVERSION = YES;
				CLANG_WARN_OBJC_ROOT_CLASS = YES_ERROR;
				CLANG_WARN_SUSPICIOUS_MOVES = YES;
				CLANG_WARN_UNREACHABLE_CODE = YES;
				CLANG_WARN__DUPLICATE_METHOD_MATCH = YES;
				"CODE_SIGN_IDENTITY[sdk=iphoneos*]" = "iPhone Developer";
				COPY_PHASE_STRIP = NO;
				DEBUG_INFORMATION_FORMAT = "dwarf-with-dsym";
				ENABLE_NS_ASSERTIONS = NO;
				ENABLE_STRICT_OBJC_MSGSEND = YES;
				GCC_C_LANGUAGE_STANDARD = gnu99;
				GCC_NO_COMMON_BLOCKS = YES;
				GCC_WARN_64_TO_32_BIT_CONVERSION = YES;
				GCC_WARN_ABOUT_RETURN_TYPE = YES_ERROR;
				GCC_WARN_UNDECLARED_SELECTOR = YES;
				GCC_WARN_UNINITIALIZED_AUTOS = YES_AGGRESSIVE;
				GCC_WARN_UNUSED_FUNCTION = YES;
				GCC_WARN_UNUSED_VARIABLE = YES;
				IPHONEOS_DEPLOYMENT_TARGET = 10.1;
				MTL_ENABLE_DEBUG_INFO = NO;
				SDKROOT = iphoneos;
				SWIFT_OPTIMIZATION_LEVEL = "-Owholemodule";
				TARGETED_DEVICE_FAMILY = "1,2";
				VALIDATE_PRODUCT = YES;
			};
			name = Release;
		};
		D03CF66F1DEF54C6002D16A9 /* Debug */ = {
			isa = XCBuildConfiguration;
			buildSettings = {
				ASSETCATALOG_COMPILER_APPICON_NAME = AppIcon;
				DEVELOPMENT_TEAM = ELDYT74352;
				INFOPLIST_FILE = snackbar/Info.plist;
				LD_RUNPATH_SEARCH_PATHS = "$(inherited) @executable_path/Frameworks";
				PRODUCT_BUNDLE_IDENTIFIER = FishInSky.snackbar;
				PRODUCT_NAME = "$(TARGET_NAME)";
				SWIFT_VERSION = 3.0;
			};
			name = Debug;
		};
		D03CF6701DEF54C6002D16A9 /* Release */ = {
			isa = XCBuildConfiguration;
			buildSettings = {
				ASSETCATALOG_COMPILER_APPICON_NAME = AppIcon;
				DEVELOPMENT_TEAM = ELDYT74352;
				INFOPLIST_FILE = snackbar/Info.plist;
				LD_RUNPATH_SEARCH_PATHS = "$(inherited) @executable_path/Frameworks";
				PRODUCT_BUNDLE_IDENTIFIER = FishInSky.snackbar;
				PRODUCT_NAME = "$(TARGET_NAME)";
				SWIFT_VERSION = 3.0;
			};
			name = Release;
		};
/* End XCBuildConfiguration section */

/* Begin XCConfigurationList section */
		D03CF6571DEF54C5002D16A9 /* Build configuration list for PBXProject "snackbar" */ = {
			isa = XCConfigurationList;
			buildConfigurations = (
				D03CF66C1DEF54C6002D16A9 /* Debug */,
				D03CF66D1DEF54C6002D16A9 /* Release */,
			);
			defaultConfigurationIsVisible = 0;
			defaultConfigurationName = Release;
		};
		D03CF66E1DEF54C6002D16A9 /* Build configuration list for PBXNativeTarget "snackbar" */ = {
			isa = XCConfigurationList;
			buildConfigurations = (
				D03CF66F1DEF54C6002D16A9 /* Debug */,
				D03CF6701DEF54C6002D16A9 /* Release */,
			);
			defaultConfigurationIsVisible = 0;
		};
/* End XCConfigurationList section */
	};
	rootObject = D03CF6541DEF54C5002D16A9 /* Project object */;
}
